{
  "name": "main-thing-render-cues",
  "lockfileVersion": 3,
  "requires": true,
  "packages": {
    "": {
      "name": "main-thing-render-cues",
      "dependencies": {
        "cuelume": "0.2.2",
        "playwright-core": "1.63.0"
      }
    },
    "node_modules/cuelume": {
      "version": "0.2.2",
      "resolved": "https://registry.npmjs.org/cuelume/-/cuelume-0.2.2.tgz",
      "integrity": "sha512-TiNzJRjhddjC4jy4M7sv63V/86VaFhdIs6iHUCrc4CKhqypaxRBv1aedCBGebrz/cO7nroPkEfqHe/P7fOE2GQ==",
      "license": "MIT"
    },
    "node_modules/playwright-core": {
      "version": "1.63.0",
      "resolved": "https://registry.npmjs.org/playwright-core/-/playwright-core-1.63.0.tgz",
      "integrity": "sha512-rYCsBF/M5HjUch52bbtVONEFjv6Xu8sm8h72dNlR5bzIE1fvC/bxgspzkjSfU+MweEMmPM8KJebG6nnyxo5mCg==",
      "license": "Apache-2.0",
      "bin": {
        "playwright-core": "cli.js"
      },
      "engines": {
        "node": ">=20"
      }
    }
  }
}
